
Microsoft Visual Studio Solution File, Format Version 12.00
# Visual Studio Version 17
VisualStudioVersion = 17.13.35825.156 d17.13
MinimumVisualStudioVersion = 10.0.40219.1
Project("{FAE04EC0-301F-11D3-BF4B-00C04F79EFBC}") = "TestYarikUraMiPishemWeb", "TestYarikUraMiPishemWeb\TestYarikUraMiPishemWeb.csproj", "{72BB1955-A555-4CC9-8D34-1CDCEE32418E}"
EndProject
Global
	GlobalSection(SolutionConfigurationPlatforms) = preSolution
		Debug|Any CPU = Debug|Any CPU
		Release|Any CPU = Release|Any CPU
	EndGlobalSection
	GlobalSection(ProjectConfigurationPlatforms) = postSolution
		{72BB1955-A555-4CC9-8D34-1CDCEE32418E}.Debug|Any CPU.ActiveCfg = Debug|Any CPU
		{72BB1955-A555-4CC9-8D34-1CDCEE32418E}.Debug|Any CPU.Build.0 = Debug|Any CPU
		{72BB1955-A555-4CC9-8D34-1CDCEE32418E}.Release|Any CPU.ActiveCfg = Release|Any CPU
		{72BB1955-A555-4CC9-8D34-1CDCEE32418E}.Release|Any CPU.Build.0 = Release|Any CPU
	EndGlobalSection
	GlobalSection(SolutionProperties) = preSolution
		HideSolutionNode = FALSE
	EndGlobalSection
	GlobalSection(ExtensibilityGlobals) = postSolution
		SolutionGuid = {FDF1F42B-4FF7-4BB5-84A0-AA2ADE58C4AD}
	EndGlobalSection
EndGlobal
